version: 2.0
shards:
  amber_router:
    git: https://github.com/amberframework/amber-router.git
    version: 0.4.4

  athena:
    git: https://github.com/athena-framework/athena.git
    version: 0.15.0

  athena-config:
    git: https://github.com/athena-framework/config.git
    version: 0.3.0

  athena-console:
    git: https://github.com/athena-framework/console.git
    version: 0.1.1

  athena-dependency_injection:
    git: https://github.com/athena-framework/dependency-injection.git
    version: 0.3.2

  athena-event_dispatcher:
    git: https://github.com/athena-framework/event-dispatcher.git
    version: 0.1.3

  athena-negotiation:
    git: https://github.com/athena-framework/negotiation.git
    version: 0.1.1

  athena-serializer:
    git: https://github.com/athena-framework/serializer.git
    version: 0.2.10

  athena-spec:
    git: https://github.com/athena-framework/spec.git
    version: 0.2.6

  athena-validator:
    git: https://github.com/athena-framework/validator.git
    version: 0.1.5

